// !$*UTF8*$!
{
	archiveVersion = 1;
	classes = {
	};
	objectVersion = 77;
	objects = {

/* Begin PBXBuildFile section */
		8D6136702F01745A00ABB357 /* WidgetKit.framework in Frameworks */ = {isa = PBXBuildFile; fileRef = 8D61366F2F01745A00ABB357 /* WidgetKit.framework */; };
		8D6136722F01745A00ABB357 /* SwiftUI.framework in Frameworks */ = {isa = PBXBuildFile; fileRef = 8D6136712F01745A00ABB357 /* SwiftUI.framework */; };
		8D6136832F01745B00ABB357 /* TicksWidgetsExtension.appex in Embed Foundation Extensions */ = {isa = PBXBuildFile; fileRef = 8D61366D2F01745A00ABB357 /* TicksWidgetsExtension.appex */; settings = {ATTRIBUTES = (RemoveHeadersOnCopy, ); }; };
/* End PBXBuildFile section */

/* Begin PBXContainerItemProxy section */
		8D6135392EF8EBF600ABB357 /* PBXContainerItemProxy */ = {
			isa = PBXContainerItemProxy;
			containerPortal = 8D6135232EF8EBF400ABB357 /* Project object */;
			proxyType = 1;
			remoteGlobalIDString = 8D61352A2EF8EBF400ABB357;
			remoteInfo = Ticks;
		};
		8D6135432EF8EBF600ABB357 /* PBXContainerItemProxy */ = {
			isa = PBXContainerItemProxy;
			containerPortal = 8D6135232EF8EBF400ABB357 /* Project object */;
			proxyType = 1;
			remoteGlobalIDString = 8D61352A2EF8EBF400ABB357;
			remoteInfo = Ticks;
		};
		8D6136812F01745B00ABB357 /* PBXContainerItemProxy */ = {
			isa = PBXContainerItemProxy;
			containerPortal = 8D6135232EF8EBF400ABB357 /* Project object */;
			proxyType = 1;
			remoteGlobalIDString = 8D61366C2F01745A00ABB357;
			remoteInfo = TicksWidgetsExtension;
		};
/* End PBXContainerItemProxy section */

/* Begin PBXCopyFilesBuildPhase section */
		8D6136882F01745B00ABB357 /* Embed Foundation Extensions */ = {
			isa = PBXCopyFilesBuildPhase;
			buildActionMask = 2147483647;
			dstPath = "";
			dstSubfolderSpec = 13;
			files = (
				8D6136832F01745B00ABB357 /* TicksWidgetsExtension.appex in Embed Foundation Extensions */,
			);
			name = "Embed Foundation Extensions";
			runOnlyForDeploymentPostprocessing = 0;
		};
/* End PBXCopyFilesBuildPhase section */

/* Begin PBXFileReference section */
		8D61352B2EF8EBF400ABB357 /* Ticks.app */ = {isa = PBXFileReference; explicitFileType = wrapper.application; includeInIndex = 0; path = Ticks.app; sourceTree = BUILT_PRODUCTS_DIR; };
		8D6135382EF8EBF600ABB357 /* TicksTests.xctest */ = {isa = PBXFileReference; explicitFileType = wrapper.cfbundle; includeInIndex = 0; path = TicksTests.xctest; sourceTree = BUILT_PRODUCTS_DIR; };
		8D6135422EF8EBF600ABB357 /* TicksUITests.xctest */ = {isa = PBXFileReference; explicitFileType = wrapper.cfbundle; includeInIndex = 0; path = TicksUITests.xctest; sourceTree = BUILT_PRODUCTS_DIR; };
		8D61357C2EF8F41100ABB357 /* .gitignore */ = {isa = PBXFileReference; lastKnownFileType = sourcecode.swift; path = .gitignore; sourceTree = "<group>"; };
		8D61366D2F01745A00ABB357 /* TicksWidgetsExtension.appex */ = {isa = PBXFileReference; explicitFileType = "wrapper.app-extension"; includeInIndex = 0; path = TicksWidgetsExtension.appex; sourceTree = BUILT_PRODUCTS_DIR; };
		8D61366F2F01745A00ABB357 /* WidgetKit.framework */ = {isa = PBXFileReference; lastKnownFileType = wrapper.framework; name = WidgetKit.framework; path = System/Library/Frameworks/WidgetKit.framework; sourceTree = SDKROOT; };
		8D6136712F01745A00ABB357 /* SwiftUI.framework */ = {isa = PBXFileReference; lastKnownFileType = wrapper.framework; name = SwiftUI.framework; path = System/Library/Frameworks/SwiftUI.framework; sourceTree = SDKROOT; };
/* End PBXFileReference section */

/* Begin PBXFileSystemSynchronizedBuildFileExceptionSet section */
		8D6136682F0170F900ABB357 /* Exceptions for "Ticks" folder in "Ticks" target */ = {
			isa = PBXFileSystemSynchronizedBuildFileExceptionSet;
			membershipExceptions = (
				Info.plist,
			);
			target = 8D61352A2EF8EBF400ABB357 /* Ticks */;
		};
		8D6136872F01745B00ABB357 /* Exceptions for "TicksWidgets" folder in "TicksWidgetsExtension" target */ = {
			isa = PBXFileSystemSynchronizedBuildFileExceptionSet;
			membershipExceptions = (
				Info.plist,
			);
			target = 8D61366C2F01745A00ABB357 /* TicksWidgetsExtension */;
		};
/* End PBXFileSystemSynchronizedBuildFileExceptionSet section */

/* Begin PBXFileSystemSynchronizedRootGroup section */
		8D61352D2EF8EBF400ABB357 /* Ticks */ = {
			isa = PBXFileSystemSynchronizedRootGroup;
			exceptions = (
				8D6136682F0170F900ABB357 /* Exceptions for "Ticks" folder in "Ticks" target */,
			);
			path = Ticks;
			sourceTree = "<group>";
		};
		8D61353B2EF8EBF600ABB357 /* TicksTests */ = {
			isa = PBXFileSystemSynchronizedRootGroup;
			path = TicksTests;
			sourceTree = "<group>";
		};
		8D6135452EF8EBF600ABB357 /* TicksUITests */ = {
			isa = PBXFileSystemSynchronizedRootGroup;
			path = TicksUITests;
			sourceTree = "<group>";
		};
		8D6135552EF8EDD400ABB357 /* .plan */ = {
			isa = PBXFileSystemSynchronizedRootGroup;
			path = .plan;
			sourceTree = "<group>";
		};
		8D6136732F01745A00ABB357 /* TicksWidgets */ = {
			isa = PBXFileSystemSynchronizedRootGroup;
			exceptions = (
				8D6136872F01745B00ABB357 /* Exceptions for "TicksWidgets" folder in "TicksWidgetsExtension" target */,
			);
			path = TicksWidgets;
			sourceTree = "<group>";
		};
		8D6136F52F03252600ABB357 /* Shared */ = {
			isa = PBXFileSystemSynchronizedRootGroup;
			path = Shared;
			sourceTree = "<group>";
		};
/* End PBXFileSystemSynchronizedRootGroup section */

/* Begin PBXFrameworksBuildPhase section */
		8D6135282EF8EBF400ABB357 /* Frameworks */ = {
			isa = PBXFrameworksBuildPhase;
			buildActionMask = 2147483647;
			files = (
			);
			runOnlyForDeploymentPostprocessing = 0;
		};
		8D6135352EF8EBF600ABB357 /* Frameworks */ = {
			isa = PBXFrameworksBuildPhase;
			buildActionMask = 2147483647;
			files = (
			);
			runOnlyForDeploymentPostprocessing = 0;
		};
		8D61353F2EF8EBF600ABB357 /* Frameworks */ = {
			isa = PBXFrameworksBuildPhase;
			buildActionMask = 2147483647;
			files = (
			);
			runOnlyForDeploymentPostprocessing = 0;
		};
		8D61366A2F01745A00ABB357 /* Frameworks */ = {
			isa = PBXFrameworksBuildPhase;
			buildActionMask = 2147483647;
			files = (
				8D6136722F01745A00ABB357 /* SwiftUI.framework in Frameworks */,
				8D6136702F01745A00ABB357 /* WidgetKit.framework in Frameworks */,
			);
			runOnlyForDeploymentPostprocessing = 0;
		};
/* End PBXFrameworksBuildPhase section */

/* Begin PBXGroup section */
		8D6135222EF8EBF400ABB357 = {
			isa = PBXGroup;
			children = (
				8D6136F52F03252600ABB357 /* Shared */,
				8D61357C2EF8F41100ABB357 /* .gitignore */,
				8D6135552EF8EDD400ABB357 /* .plan */,
				8D61352D2EF8EBF400ABB357 /* Ticks */,
				8D61353B2EF8EBF600ABB357 /* TicksTests */,
				8D6135452EF8EBF600ABB357 /* TicksUITests */,
				8D6136732F01745A00ABB357 /* TicksWidgets */,
				8D61366E2F01745A00ABB357 /* Frameworks */,
				8D61352C2EF8EBF400ABB357 /* Products */,
			);
			sourceTree = "<group>";
		};
		8D61352C2EF8EBF400ABB357 /* Products */ = {
			isa = PBXGroup;
			children = (
				8D61352B2EF8EBF400ABB357 /* Ticks.app */,
				8D6135382EF8EBF600ABB357 /* TicksTests.xctest */,
				8D6135422EF8EBF600ABB357 /* TicksUITests.xctest */,
				8D61366D2F01745A00ABB357 /* TicksWidgetsExtension.appex */,
			);
			name = Products;
			sourceTree = "<group>";
		};
		8D61366E2F01745A00ABB357 /* Frameworks */ = {
			isa = PBXGroup;
			children = (
				8D61366F2F01745A00ABB357 /* WidgetKit.framework */,
				8D6136712F01745A00ABB357 /* SwiftUI.framework */,
			);
			name = Frameworks;
			sourceTree = "<group>";
		};
/* End PBXGroup section */

/* Begin PBXNativeTarget section */
		8D61352A2EF8EBF400ABB357 /* Ticks */ = {
			isa = PBXNativeTarget;
			buildConfigurationList = 8D61354C2EF8EBF600ABB357 /* Build configuration list for PBXNativeTarget "Ticks" */;
			buildPhases = (
				8D6135272EF8EBF400ABB357 /* Sources */,
				8D6135282EF8EBF400ABB357 /* Frameworks */,
				8D6135292EF8EBF400ABB357 /* Resources */,
				8D6136882F01745B00ABB357 /* Embed Foundation Extensions */,
			);
			buildRules = (
			);
			dependencies = (
				8D6136822F01745B00ABB357 /* PBXTargetDependency */,
			);
			fileSystemSynchronizedGroups = (
				8D61352D2EF8EBF400ABB357 /* Ticks */,
				8D6135552EF8EDD400ABB357 /* .plan */,
				8D6136F52F03252600ABB357 /* Shared */,
			);
			name = Ticks;
			packageProductDependencies = (
			);
			productName = Ticks;
			productReference = 8D61352B2EF8EBF400ABB357 /* Ticks.app */;
			productType = "com.apple.product-type.application";
		};
		8D6135372EF8EBF600ABB357 /* TicksTests */ = {
			isa = PBXNativeTarget;
			buildConfigurationList = 8D61354F2EF8EBF600ABB357 /* Build configuration list for PBXNativeTarget "TicksTests" */;
			buildPhases = (
				8D6135342EF8EBF600ABB357 /* Sources */,
				8D6135352EF8EBF600ABB357 /* Frameworks */,
				8D6135362EF8EBF600ABB357 /* Resources */,
			);
			buildRules = (
			);
			dependencies = (
				8D61353A2EF8EBF600ABB357 /* PBXTargetDependency */,
			);
			fileSystemSynchronizedGroups = (
				8D61353B2EF8EBF600ABB357 /* TicksTests */,
			);
			name = TicksTests;
			packageProductDependencies = (
			);
			productName = TicksTests;
			productReference = 8D6135382EF8EBF600ABB357 /* TicksTests.xctest */;
			productType = "com.apple.product-type.bundle.unit-test";
		};
		8D6135412EF8EBF600ABB357 /* TicksUITests */ = {
			isa = PBXNativeTarget;
			buildConfigurationList = 8D6135522EF8EBF600ABB357 /* Build configuration list for PBXNativeTarget "TicksUITests" */;
			buildPhases = (
				8D61353E2EF8EBF600ABB357 /* Sources */,
				8D61353F2EF8EBF600ABB357 /* Frameworks */,
				8D6135402EF8EBF600ABB357 /* Resources */,
			);
			buildRules = (
			);
			dependencies = (
				8D6135442EF8EBF600ABB357 /* PBXTargetDependency */,
			);
			fileSystemSynchronizedGroups = (
				8D6135452EF8EBF600ABB357 /* TicksUITests */,
			);
			name = TicksUITests;
			packageProductDependencies = (
			);
			productName = TicksUITests;
			productReference = 8D6135422EF8EBF600ABB357 /* TicksUITests.xctest */;
			productType = "com.apple.product-type.bundle.ui-testing";
		};
		8D61366C2F01745A00ABB357 /* TicksWidgetsExtension */ = {
			isa = PBXNativeTarget;
			buildConfigurationList = 8D6136842F01745B00ABB357 /* Build configuration list for PBXNativeTarget "TicksWidgetsExtension" */;
			buildPhases = (
				8D6136692F01745A00ABB357 /* Sources */,
				8D61366A2F01745A00ABB357 /* Frameworks */,
				8D61366B2F01745A00ABB357 /* Resources */,
			);
			buildRules = (
			);
			dependencies = (
			);
			fileSystemSynchronizedGroups = (
				8D6136732F01745A00ABB357 /* TicksWidgets */,
				8D6136F52F03252600ABB357 /* Shared */,
			);
			name = TicksWidgetsExtension;
			packageProductDependencies = (
			);
			productName = TicksWidgetsExtension;
			productReference = 8D61366D2F01745A00ABB357 /* TicksWidgetsExtension.appex */;
			productType = "com.apple.product-type.app-extension";
		};
/* End PBXNativeTarget section */

/* Begin PBXProject section */
		8D6135232EF8EBF400ABB357 /* Project object */ = {
			isa = PBXProject;
			attributes = {
				BuildIndependentTargetsInParallel = 1;
				LastSwiftUpdateCheck = 2620;
				LastUpgradeCheck = 2620;
				TargetAttributes = {
					8D61352A2EF8EBF400ABB357 = {
						CreatedOnToolsVersion = 26.2;
					};
					8D6135372EF8EBF600ABB357 = {
						CreatedOnToolsVersion = 26.2;
						TestTargetID = 8D61352A2EF8EBF400ABB357;
					};
					8D6135412EF8EBF600ABB357 = {
						CreatedOnToolsVersion = 26.2;
						TestTargetID = 8D61352A2EF8EBF400ABB357;
					};
					8D61366C2F01745A00ABB357 = {
						CreatedOnToolsVersion = 26.2;
					};
				};
			};
			buildConfigurationList = 8D6135262EF8EBF400ABB357 /* Build configuration list for PBXProject "Ticks" */;
			developmentRegion = en;
			hasScannedForEncodings = 0;
			knownRegions = (
				en,
				Base,
			);
			mainGroup = 8D6135222EF8EBF400ABB357;
			minimizedProjectReferenceProxies = 1;
			preferredProjectObjectVersion = 77;
			productRefGroup = 8D61352C2EF8EBF400ABB357 /* Products */;
			projectDirPath = "";
			projectRoot = "";
			targets = (
				8D61352A2EF8EBF400ABB357 /* Ticks */,
				8D6135372EF8EBF600ABB357 /* TicksTests */,
				8D6135412EF8EBF600ABB357 /* TicksUITests */,
				8D61366C2F01745A00ABB357 /* TicksWidgetsExtension */,
			);
		};
/* End PBXProject section */

/* Begin PBXResourcesBuildPhase section */
		8D6135292EF8EBF400ABB357 /* Resources */ = {
			isa = PBXResourcesBuildPhase;
			buildActionMask = 2147483647;
			files = (
			);
			runOnlyForDeploymentPostprocessing = 0;
		};
		8D6135362EF8EBF600ABB357 /* Resources */ = {
			isa = PBXResourcesBuildPhase;
			buildActionMask = 2147483647;
			files = (
			);
			runOnlyForDeploymentPostprocessing = 0;
		};
		8D6135402EF8EBF600ABB357 /* Resources */ = {
			isa = PBXResourcesBuildPhase;
			buildActionMask = 2147483647;
			files = (
			);
			runOnlyForDeploymentPostprocessing = 0;
		};
		8D61366B2F01745A00ABB357 /* Resources */ = {
			isa = PBXResourcesBuildPhase;
			buildActionMask = 2147483647;
			files = (
			);
			runOnlyForDeploymentPostprocessing = 0;
		};
/* End PBXResourcesBuildPhase section */

/* Begin PBXSourcesBuildPhase section */
		8D6135272EF8EBF400ABB357 /* Sources */ = {
			isa = PBXSourcesBuildPhase;
			buildActionMask = 2147483647;
			files = (
			);
			runOnlyForDeploymentPostprocessing = 0;
		};
		8D6135342EF8EBF600ABB357 /* Sources */ = {
			isa = PBXSourcesBuildPhase;
			buildActionMask = 2147483647;
			files = (
			);
			runOnlyForDeploymentPostprocessing = 0;
		};
		8D61353E2EF8EBF600ABB357 /* Sources */ = {
			isa = PBXSourcesBuildPhase;
			buildActionMask = 2147483647;
			files = (
			);
			runOnlyForDeploymentPostprocessing = 0;
		};
		8D6136692F01745A00ABB357 /* Sources */ = {
			isa = PBXSourcesBuildPhase;
			buildActionMask = 2147483647;
			files = (
			);
			runOnlyForDeploymentPostprocessing = 0;
		};
/* End PBXSourcesBuildPhase section */

/* Begin PBXTargetDependency section */
		8D61353A2EF8EBF600ABB357 /* PBXTargetDependency */ = {
			isa = PBXTargetDependency;
			target = 8D61352A2EF8EBF400ABB357 /* Ticks */;
			targetProxy = 8D6135392EF8EBF600ABB357 /* PBXContainerItemProxy */;
		};
		8D6135442EF8EBF600ABB357 /* PBXTargetDependency */ = {
			isa = PBXTargetDependency;
			target = 8D61352A2EF8EBF400ABB357 /* Ticks */;
			targetProxy = 8D6135432EF8EBF600ABB357 /* PBXContainerItemProxy */;
		};
		8D6136822F01745B00ABB357 /* PBXTargetDependency */ = {
			isa = PBXTargetDependency;
			target = 8D61366C2F01745A00ABB357 /* TicksWidgetsExtension */;
			targetProxy = 8D6136812F01745B00ABB357 /* PBXContainerItemProxy */;
		};
/* End PBXTargetDependency section */

/* Begin XCBuildConfiguration section */
		8D61354A2EF8EBF600ABB357 /* Debug */ = {
			isa = XCBuildConfiguration;
			buildSettings = {
				ALWAYS_SEARCH_USER_PATHS = NO;
				ASSETCATALOG_COMPILER_GENERATE_SWIFT_ASSET_SYMBOL_EXTENSIONS = YES;
				CLANG_ANALYZER_NONNULL = YES;
				CLANG_ANALYZER_NUMBER_OBJECT_CONVERSION = YES_AGGRESSIVE;
				CLANG_CXX_LANGUAGE_STANDARD = "gnu++20";
				CLANG_ENABLE_MODULES = YES;
				CLANG_ENABLE_OBJC_ARC = YES;
				CLANG_ENABLE_OBJC_WEAK = YES;
				CLANG_WARN_BLOCK_CAPTURE_AUTORELEASING = YES;
				CLANG_WARN_BOOL_CONVERSION = YES;
				CLANG_WARN_COMMA = YES;
				CLANG_WARN_CONSTANT_CONVERSION = YES;
				CLANG_WARN_DEPRECATED_OBJC_IMPLEMENTATIONS = YES;
				CLANG_WARN_DIRECT_OBJC_ISA_USAGE = YES_ERROR;
				CLANG_WARN_DOCUMENTATION_COMMENTS = YES;
				CLANG_WARN_EMPTY_BODY = YES;
				CLANG_WARN_ENUM_CONVERSION = YES;
				CLANG_WARN_INFINITE_RECURSION = YES;
				CLANG_WARN_INT_CONVERSION = YES;
				CLANG_WARN_NON_LITERAL_NULL_CONVERSION = YES;
				CLANG_WARN_OBJC_IMPLICIT_RETAIN_SELF = YES;
				CLANG_WARN_OBJC_LITERAL_CONVERSION = YES;
				CLANG_WARN_OBJC_ROOT_CLASS = YES_ERROR;
				CLANG_WARN_QUOTED_INCLUDE_IN_FRAMEWORK_HEADER = YES;
				CLANG_WARN_RANGE_LOOP_ANALYSIS = YES;
				CLANG_WARN_STRICT_PROTOTYPES = YES;
				CLANG_WARN_SUSPICIOUS_MOVE = YES;
				CLANG_WARN_UNGUARDED_AVAILABILITY = YES_AGGRESSIVE;
				CLANG_WARN_UNREACHABLE_CODE = YES;
				CLANG_WARN__DUPLICATE_METHOD_MATCH = YES;
				COPY_PHASE_STRIP = NO;
				DEBUG_INFORMATION_FORMAT = dwarf;
				DEVELOPMENT_TEAM = CPWG428L2J;
				ENABLE_STRICT_OBJC_MSGSEND = YES;
				ENABLE_TESTABILITY = YES;
				ENABLE_USER_SCRIPT_SANDBOXING = YES;
				GCC_C_LANGUAGE_STANDARD = gnu17;
				GCC_DYNAMIC_NO_PIC = NO;
				GCC_NO_COMMON_BLOCKS = YES;
				GCC_OPTIMIZATION_LEVEL = 0;
				GCC_PREPROCESSOR_DEFINITIONS = (
					"DEBUG=1",
					"$(inherited)",
				);
				GCC_WARN_64_TO_32_BIT_CONVERSION = YES;
				GCC_WARN_ABOUT_RETURN_TYPE = YES_ERROR;
				GCC_WARN_UNDECLARED_SELECTOR = YES;
				GCC_WARN_UNINITIALIZED_AUTOS = YES_AGGRESSIVE;
				GCC_WARN_UNUSED_FUNCTION = YES;
				GCC_WARN_UNUSED_VARIABLE = YES;
				IPHONEOS_DEPLOYMENT_TARGET = 26.2;
				LOCALIZATION_PREFERS_STRING_CATALOGS = YES;
				MTL_ENABLE_DEBUG_INFO = INCLUDE_SOURCE;
				MTL_FAST_MATH = YES;
				ONLY_ACTIVE_ARCH = YES;
				SDKROOT = iphoneos;
				SWIFT_ACTIVE_COMPILATION_CONDITIONS = "DEBUG $(inherited)";
				SWIFT_OPTIMIZATION_LEVEL = "-Onone";
			};
			name = Debug;
		};
		8D61354B2EF8EBF600ABB357 /* Release */ = {
			isa = XCBuildConfiguration;
			buildSettings = {
				ALWAYS_SEARCH_USER_PATHS = NO;
				ASSETCATALOG_COMPILER_GENERATE_SWIFT_ASSET_SYMBOL_EXTENSIONS = YES;
				CLANG_ANALYZER_NONNULL = YES;
				CLANG_ANALYZER_NUMBER_OBJECT_CONVERSION = YES_AGGRESSIVE;
				CLANG_CXX_LANGUAGE_STANDARD = "gnu++20";
				CLANG_ENABLE_MODULES = YES;
				CLANG_ENABLE_OBJC_ARC = YES;
				CLANG_ENABLE_OBJC_WEAK = YES;
				CLANG_WARN_BLOCK_CAPTURE_AUTORELEASING = YES;
				CLANG_WARN_BOOL_CONVERSION = YES;
				CLANG_WARN_COMMA = YES;
				CLANG_WARN_CONSTANT_CONVERSION = YES;
				CLANG_WARN_DEPRECATED_OBJC_IMPLEMENTATIONS = YES;
				CLANG_WARN_DIRECT_OBJC_ISA_USAGE = YES_ERROR;
				CLANG_WARN_DOCUMENTATION_COMMENTS = YES;
				CLANG_WARN_EMPTY_BODY = YES;
				CLANG_WARN_ENUM_CONVERSION = YES;
				CLANG_WARN_INFINITE_RECURSION = YES;
				CLANG_WARN_INT_CONVERSION = YES;
				CLANG_WARN_NON_LITERAL_NULL_CONVERSION = YES;
				CLANG_WARN_OBJC_IMPLICIT_RETAIN_SELF = YES;
				CLANG_WARN_OBJC_LITERAL_CONVERSION = YES;
				CLANG_WARN_OBJC_ROOT_CLASS = YES_ERROR;
				CLANG_WARN_QUOTED_INCLUDE_IN_FRAMEWORK_HEADER = YES;
				CLANG_WARN_RANGE_LOOP_ANALYSIS = YES;
				CLANG_WARN_STRICT_PROTOTYPES = YES;
				CLANG_WARN_SUSPICIOUS_MOVE = YES;
				CLANG_WARN_UNGUARDED_AVAILABILITY = YES_AGGRESSIVE;
				CLANG_WARN_UNREACHABLE_CODE = YES;
				CLANG_WARN__DUPLICATE_METHOD_MATCH = YES;
				COPY_PHASE_STRIP = NO;
				DEBUG_INFORMATION_FORMAT = "dwarf-with-dsym";
				DEVELOPMENT_TEAM = CPWG428L2J;
				ENABLE_NS_ASSERTIONS = NO;
				ENABLE_STRICT_OBJC_MSGSEND = YES;
				ENABLE_USER_SCRIPT_SANDBOXING = YES;
				GCC_C_LANGUAGE_STANDARD = gnu17;
				GCC_NO_COMMON_BLOCKS = YES;
				GCC_WARN_64_TO_32_BIT_CONVERSION = YES;
				GCC_WARN_ABOUT_RETURN_TYPE = YES_ERROR;
				GCC_WARN_UNDECLARED_SELECTOR = YES;
				GCC_WARN_UNINITIALIZED_AUTOS = YES_AGGRESSIVE;
				GCC_WARN_UNUSED_FUNCTION = YES;
				GCC_WARN_UNUSED_VARIABLE = YES;
				IPHONEOS_DEPLOYMENT_TARGET = 26.2;
				LOCALIZATION_PREFERS_STRING_CATALOGS = YES;
				MTL_ENABLE_DEBUG_INFO = NO;
				MTL_FAST_MATH = YES;
				SDKROOT = iphoneos;
				SWIFT_COMPILATION_MODE = wholemodule;
				VALIDATE_PRODUCT = YES;
			};
			name = Release;
		};
		8D61354D2EF8EBF600ABB357 /* Debug */ = {
			isa = XCBuildConfiguration;
			buildSettings = {
				ASSETCATALOG_COMPILER_APPICON_NAME = AppIcon;
				ASSETCATALOG_COMPILER_GLOBAL_ACCENT_COLOR_NAME = AccentColor;
				CODE_SIGN_ENTITLEMENTS = Ticks/Ticks.entitlements;
				CODE_SIGN_IDENTITY = "Apple Development";
				CODE_SIGN_STYLE = Automatic;
				CURRENT_PROJECT_VERSION = 1;
				DEVELOPMENT_TEAM = CPWG428L2J;
				ENABLE_PREVIEWS = YES;
				GENERATE_INFOPLIST_FILE = YES;
				INFOPLIST_FILE = Ticks/Info.plist;
				INFOPLIST_KEY_UIApplicationSceneManifest_Generation = YES;
				INFOPLIST_KEY_UIApplicationSupportsIndirectInputEvents = YES;
				INFOPLIST_KEY_UILaunchScreen_Generation = YES;
				INFOPLIST_KEY_UISupportedInterfaceOrientations_iPad = "UIInterfaceOrientationPortrait UIInterfaceOrientationPortraitUpsideDown UIInterfaceOrientationLandscapeLeft UIInterfaceOrientationLandscapeRight";
				INFOPLIST_KEY_UISupportedInterfaceOrientations_iPhone = "UIInterfaceOrientationPortrait UIInterfaceOrientationLandscapeLeft UIInterfaceOrientationLandscapeRight";
				LD_RUNPATH_SEARCH_PATHS = (
					"$(inherited)",
					"@executable_path/Frameworks",
				);
				MARKETING_VERSION = 1.0;
				PRODUCT_BUNDLE_IDENTIFIER = com.jing.dev.Ticks;
				PRODUCT_NAME = "$(TARGET_NAME)";
				PROVISIONING_PROFILE_SPECIFIER = "";
				STRING_CATALOG_GENERATE_SYMBOLS = YES;
				SWIFT_APPROACHABLE_CONCURRENCY = YES;
				SWIFT_DEFAULT_ACTOR_ISOLATION = MainActor;
				SWIFT_EMIT_LOC_STRINGS = YES;
				SWIFT_UPCOMING_FEATURE_MEMBER_IMPORT_VISIBILITY = YES;
				SWIFT_VERSION = 5.0;
				TARGETED_DEVICE_FAMILY = "1,2";
			};
			name = Debug;
		};
		8D61354E2EF8EBF600ABB357 /* Release */ = {
			isa = XCBuildConfiguration;
			buildSettings = {
				ASSETCATALOG_COMPILER_APPICON_NAME = AppIcon;
				ASSETCATALOG_COMPILER_GLOBAL_ACCENT_COLOR_NAME = AccentColor;
				CODE_SIGN_ENTITLEMENTS = Ticks/Ticks.entitlements;
				CODE_SIGN_IDENTITY = "Apple Development";
				CODE_SIGN_STYLE = Automatic;
				CURRENT_PROJECT_VERSION = 1;
				DEVELOPMENT_TEAM = CPWG428L2J;
				ENABLE_PREVIEWS = YES;
				GENERATE_INFOPLIST_FILE = YES;
				INFOPLIST_FILE = Ticks/Info.plist;
				INFOPLIST_KEY_UIApplicationSceneManifest_Generation = YES;
				INFOPLIST_KEY_UIApplicationSupportsIndirectInputEvents = YES;
				INFOPLIST_KEY_UILaunchScreen_Generation = YES;
				INFOPLIST_KEY_UISupportedInterfaceOrientations_iPad = "UIInterfaceOrientationPortrait UIInterfaceOrientationPortraitUpsideDown UIInterfaceOrientationLandscapeLeft UIInterfaceOrientationLandscapeRight";
				INFOPLIST_KEY_UISupportedInterfaceOrientations_iPhone = "UIInterfaceOrientationPortrait UIInterfaceOrientationLandscapeLeft UIInterfaceOrientationLandscapeRight";
				LD_RUNPATH_SEARCH_PATHS = (
					"$(inherited)",
					"@executable_path/Frameworks",
				);
				MARKETING_VERSION = 1.0;
				PRODUCT_BUNDLE_IDENTIFIER = com.jing.dev.Ticks;
				PRODUCT_NAME = "$(TARGET_NAME)";
				PROVISIONING_PROFILE_SPECIFIER = "";
				STRING_CATALOG_GENERATE_SYMBOLS = YES;
				SWIFT_APPROACHABLE_CONCURRENCY = YES;
				SWIFT_DEFAULT_ACTOR_ISOLATION = MainActor;
				SWIFT_EMIT_LOC_STRINGS = YES;
				SWIFT_UPCOMING_FEATURE_MEMBER_IMPORT_VISIBILITY = YES;
				SWIFT_VERSION = 5.0;
				TARGETED_DEVICE_FAMILY = "1,2";
			};
			name = Release;
		};
		8D6135502EF8EBF600ABB357 /* Debug */ = {
			isa = XCBuildConfiguration;
			buildSettings = {
				BUNDLE_LOADER = "$(TEST_HOST)";
				CODE_SIGN_STYLE = Automatic;
				CURRENT_PROJECT_VERSION = 1;
				DEVELOPMENT_TEAM = CPWG428L2J;
				GENERATE_INFOPLIST_FILE = YES;
				IPHONEOS_DEPLOYMENT_TARGET = 26.2;
				MARKETING_VERSION = 1.0;
				PRODUCT_BUNDLE_IDENTIFIER = com.jing.dev.TicksTests;
				PRODUCT_NAME = "$(TARGET_NAME)";
				STRING_CATALOG_GENERATE_SYMBOLS = NO;
				SWIFT_APPROACHABLE_CONCURRENCY = YES;
				SWIFT_EMIT_LOC_STRINGS = NO;
				SWIFT_UPCOMING_FEATURE_MEMBER_IMPORT_VISIBILITY = YES;
				SWIFT_VERSION = 5.0;
				TARGETED_DEVICE_FAMILY = "1,2";
				TEST_HOST = "$(BUILT_PRODUCTS_DIR)/Ticks.app/$(BUNDLE_EXECUTABLE_FOLDER_PATH)/Ticks";
			};
			name = Debug;
		};
		8D6135512EF8EBF600ABB357 /* Release */ = {
			isa = XCBuildConfiguration;
			buildSettings = {
				BUNDLE_LOADER = "$(TEST_HOST)";
				CODE_SIGN_STYLE = Automatic;
				CURRENT_PROJECT_VERSION = 1;
				DEVELOPMENT_TEAM = CPWG428L2J;
				GENERATE_INFOPLIST_FILE = YES;
				IPHONEOS_DEPLOYMENT_TARGET = 26.2;
				MARKETING_VERSION = 1.0;
				PRODUCT_BUNDLE_IDENTIFIER = com.jing.dev.TicksTests;
				PRODUCT_NAME = "$(TARGET_NAME)";
				STRING_CATALOG_GENERATE_SYMBOLS = NO;
				SWIFT_APPROACHABLE_CONCURRENCY = YES;
				SWIFT_EMIT_LOC_STRINGS = NO;
				SWIFT_UPCOMING_FEATURE_MEMBER_IMPORT_VISIBILITY = YES;
				SWIFT_VERSION = 5.0;
				TARGETED_DEVICE_FAMILY = "1,2";
				TEST_HOST = "$(BUILT_PRODUCTS_DIR)/Ticks.app/$(BUNDLE_EXECUTABLE_FOLDER_PATH)/Ticks";
			};
			name = Release;
		};
		8D6135532EF8EBF600ABB357 /* Debug */ = {
			isa = XCBuildConfiguration;
			buildSettings = {
				CODE_SIGN_STYLE = Automatic;
				CURRENT_PROJECT_VERSION = 1;
				DEVELOPMENT_TEAM = CPWG428L2J;
				GENERATE_INFOPLIST_FILE = YES;
				MARKETING_VERSION = 1.0;
				PRODUCT_BUNDLE_IDENTIFIER = com.jing.dev.TicksUITests;
				PRODUCT_NAME = "$(TARGET_NAME)";
				STRING_CATALOG_GENERATE_SYMBOLS = NO;
				SWIFT_APPROACHABLE_CONCURRENCY = YES;
				SWIFT_EMIT_LOC_STRINGS = NO;
				SWIFT_UPCOMING_FEATURE_MEMBER_IMPORT_VISIBILITY = YES;
				SWIFT_VERSION = 5.0;
				TARGETED_DEVICE_FAMILY = "1,2";
				TEST_TARGET_NAME = Ticks;
			};
			name = Debug;
		};
		8D6135542EF8EBF600ABB357 /* Release */ = {
			isa = XCBuildConfiguration;
			buildSettings = {
				CODE_SIGN_STYLE = Automatic;
				CURRENT_PROJECT_VERSION = 1;
				DEVELOPMENT_TEAM = CPWG428L2J;
				GENERATE_INFOPLIST_FILE = YES;
				MARKETING_VERSION = 1.0;
				PRODUCT_BUNDLE_IDENTIFIER = com.jing.dev.TicksUITests;
				PRODUCT_NAME = "$(TARGET_NAME)";
				STRING_CATALOG_GENERATE_SYMBOLS = NO;
				SWIFT_APPROACHABLE_CONCURRENCY = YES;
				SWIFT_EMIT_LOC_STRINGS = NO;
				SWIFT_UPCOMING_FEATURE_MEMBER_IMPORT_VISIBILITY = YES;
				SWIFT_VERSION = 5.0;
				TARGETED_DEVICE_FAMILY = "1,2";
				TEST_TARGET_NAME = Ticks;
			};
			name = Release;
		};
		8D6136852F01745B00ABB357 /* Debug */ = {
			isa = XCBuildConfiguration;
			buildSettings = {
				ASSETCATALOG_COMPILER_GLOBAL_ACCENT_COLOR_NAME = AccentColor;
				ASSETCATALOG_COMPILER_WIDGET_BACKGROUND_COLOR_NAME = WidgetBackground;
				CODE_SIGN_ENTITLEMENTS = TicksWidgets/TicksWidgetsExtension.entitlements;
				CODE_SIGN_IDENTITY = "Apple Development";
				CODE_SIGN_STYLE = Automatic;
				CURRENT_PROJECT_VERSION = 1;
				DEVELOPMENT_TEAM = CPWG428L2J;
				GENERATE_INFOPLIST_FILE = YES;
				INFOPLIST_FILE = TicksWidgets/Info.plist;
				INFOPLIST_KEY_CFBundleDisplayName = TicksWidgets;
				INFOPLIST_KEY_NSHumanReadableCopyright = "";
				LD_RUNPATH_SEARCH_PATHS = (
					"$(inherited)",
					"@executable_path/Frameworks",
					"@executable_path/../../Frameworks",
				);
				MARKETING_VERSION = 1.0;
				PRODUCT_BUNDLE_IDENTIFIER = com.jing.dev.Ticks.TicksWidgets;
				PRODUCT_NAME = "$(TARGET_NAME)";
				PROVISIONING_PROFILE_SPECIFIER = "";
				SKIP_INSTALL = YES;
				STRING_CATALOG_GENERATE_SYMBOLS = YES;
				SWIFT_APPROACHABLE_CONCURRENCY = YES;
				SWIFT_EMIT_LOC_STRINGS = YES;
				SWIFT_UPCOMING_FEATURE_MEMBER_IMPORT_VISIBILITY = YES;
				SWIFT_VERSION = 5.0;
				TARGETED_DEVICE_FAMILY = "1,2";
			};
			name = Debug;
		};
		8D6136862F01745B00ABB357 /* Release */ = {
			isa = XCBuildConfiguration;
			buildSettings = {
				ASSETCATALOG_COMPILER_GLOBAL_ACCENT_COLOR_NAME = AccentColor;
				ASSETCATALOG_COMPILER_WIDGET_BACKGROUND_COLOR_NAME = WidgetBackground;
				CODE_SIGN_ENTITLEMENTS = TicksWidgets/TicksWidgetsExtension.entitlements;
				CODE_SIGN_IDENTITY = "Apple Development";
				CODE_SIGN_STYLE = Automatic;
				CURRENT_PROJECT_VERSION = 1;
				DEVELOPMENT_TEAM = CPWG428L2J;
				GENERATE_INFOPLIST_FILE = YES;
				INFOPLIST_FILE = TicksWidgets/Info.plist;
				INFOPLIST_KEY_CFBundleDisplayName = TicksWidgets;
				INFOPLIST_KEY_NSHumanReadableCopyright = "";
				LD_RUNPATH_SEARCH_PATHS = (
					"$(inherited)",
					"@executable_path/Frameworks",
					"@executable_path/../../Frameworks",
				);
				MARKETING_VERSION = 1.0;
				PRODUCT_BUNDLE_IDENTIFIER = com.jing.dev.Ticks.TicksWidgets;
				PRODUCT_NAME = "$(TARGET_NAME)";
				PROVISIONING_PROFILE_SPECIFIER = "";
				SKIP_INSTALL = YES;
				STRING_CATALOG_GENERATE_SYMBOLS = YES;
				SWIFT_APPROACHABLE_CONCURRENCY = YES;
				SWIFT_EMIT_LOC_STRINGS = YES;
				SWIFT_UPCOMING_FEATURE_MEMBER_IMPORT_VISIBILITY = YES;
				SWIFT_VERSION = 5.0;
				TARGETED_DEVICE_FAMILY = "1,2";
			};
			name = Release;
		};
/* End XCBuildConfiguration section */

/* Begin XCConfigurationList section */
		8D6135262EF8EBF400ABB357 /* Build configuration list for PBXProject "Ticks" */ = {
			isa = XCConfigurationList;
			buildConfigurations = (
				8D61354A2EF8EBF600ABB357 /* Debug */,
				8D61354B2EF8EBF600ABB357 /* Release */,
			);
			defaultConfigurationIsVisible = 0;
			defaultConfigurationName = Release;
		};
		8D61354C2EF8EBF600ABB357 /* Build configuration list for PBXNativeTarget "Ticks" */ = {
			isa = XCConfigurationList;
			buildConfigurations = (
				8D61354D2EF8EBF600ABB357 /* Debug */,
				8D61354E2EF8EBF600ABB357 /* Release */,
			);
			defaultConfigurationIsVisible = 0;
			defaultConfigurationName = Release;
		};
		8D61354F2EF8EBF600ABB357 /* Build configuration list for PBXNativeTarget "TicksTests" */ = {
			isa = XCConfigurationList;
			buildConfigurations = (
				8D6135502EF8EBF600ABB357 /* Debug */,
				8D6135512EF8EBF600ABB357 /* Release */,
			);
			defaultConfigurationIsVisible = 0;
			defaultConfigurationName = Release;
		};
		8D6135522EF8EBF600ABB357 /* Build configuration list for PBXNativeTarget "TicksUITests" */ = {
			isa = XCConfigurationList;
			buildConfigurations = (
				8D6135532EF8EBF600ABB357 /* Debug */,
				8D6135542EF8EBF600ABB357 /* Release */,
			);
			defaultConfigurationIsVisible = 0;
			defaultConfigurationName = Release;
		};
		8D6136842F01745B00ABB357 /* Build configuration list for PBXNativeTarget "TicksWidgetsExtension" */ = {
			isa = XCConfigurationList;
			buildConfigurations = (
				8D6136852F01745B00ABB357 /* Debug */,
				8D6136862F01745B00ABB357 /* Release */,
			);
			defaultConfigurationIsVisible = 0;
			defaultConfigurationName = Release;
		};
/* End XCConfigurationList section */
	};
	rootObject = 8D6135232EF8EBF400ABB357 /* Project object */;
}
